
Microsoft Visual Studio Solution File, Format Version 12.00
# Visual Studio Version 17
VisualStudioVersion = 17.1.32319.34
MinimumVisualStudioVersion = 10.0.40219.1
Project("{9A19103F-16F7-4668-BE54-9A1E7A4F7556}") = "PropertyAgent.Server", "PropertyAgent\Server\PropertyAgent.Server.csproj", "{B88FD9EE-84CD-4743-9005-B044EFE47D56}"
EndProject
Project("{9A19103F-16F7-4668-BE54-9A1E7A4F7556}") = "PropertyAgent.Client", "PropertyAgent\Client\PropertyAgent.Client.csproj", "{9526A2E1-8801-424F-8612-A0444B53D51B}"
EndProject
Project("{9A19103F-16F7-4668-BE54-9A1E7A4F7556}") = "PropertyAgent.Shared", "PropertyAgent\Shared\PropertyAgent.Shared.csproj", "{6EBA8DA3-E23D-49EF-84F9-BF4924087F16}"
EndProject
Global
	GlobalSection(SolutionConfigurationPlatforms) = preSolution
		Debug|Any CPU = Debug|Any CPU
		Release|Any CPU = Release|Any CPU
	EndGlobalSection
	GlobalSection(ProjectConfigurationPlatforms) = postSolution
		{B88FD9EE-84CD-4743-9005-B044EFE47D56}.Debug|Any CPU.ActiveCfg = Debug|Any CPU
		{B88FD9EE-84CD-4743-9005-B044EFE47D56}.Debug|Any CPU.Build.0 = Debug|Any CPU
		{B88FD9EE-84CD-4743-9005-B044EFE47D56}.Release|Any CPU.ActiveCfg = Release|Any CPU
		{B88FD9EE-84CD-4743-9005-B044EFE47D56}.Release|Any CPU.Build.0 = Release|Any CPU
		{9526A2E1-8801-424F-8612-A0444B53D51B}.Debug|Any CPU.ActiveCfg = Debug|Any CPU
		{9526A2E1-8801-424F-8612-A0444B53D51B}.Debug|Any CPU.Build.0 = Debug|Any CPU
		{9526A2E1-8801-424F-8612-A0444B53D51B}.Release|Any CPU.ActiveCfg = Release|Any CPU
		{9526A2E1-8801-424F-8612-A0444B53D51B}.Release|Any CPU.Build.0 = Release|Any CPU
		{6EBA8DA3-E23D-49EF-84F9-BF4924087F16}.Debug|Any CPU.ActiveCfg = Debug|Any CPU
		{6EBA8DA3-E23D-49EF-84F9-BF4924087F16}.Debug|Any CPU.Build.0 = Debug|Any CPU
		{6EBA8DA3-E23D-49EF-84F9-BF4924087F16}.Release|Any CPU.ActiveCfg = Release|Any CPU
		{6EBA8DA3-E23D-49EF-84F9-BF4924087F16}.Release|Any CPU.Build.0 = Release|Any CPU
	EndGlobalSection
	GlobalSection(SolutionProperties) = preSolution
		HideSolutionNode = FALSE
	EndGlobalSection
	GlobalSection(ExtensibilityGlobals) = postSolution
		SolutionGuid = {640F239F-86EE-47C9-8EBB-7121BC6DC53F}
	EndGlobalSection
EndGlobal
